
Microsoft Visual Studio Solution File, Format Version 12.00
# Visual Studio Version 16
VisualStudioVersion = 16.0.30406.217
MinimumVisualStudioVersion = 10.0.40219.1
Project("{FAE04EC0-301F-11D3-BF4B-00C04F79EFBC}") = "PieShopDemo", "PieShopDemo\PieShopDemo.csproj", "{3F03CB54-0D3D-4CFB-B72B-F6DB016139AD}"
EndProject
Global
	GlobalSection(SolutionConfigurationPlatforms) = preSolution
		Debug|Any CPU = Debug|Any CPU
		Release|Any CPU = Release|Any CPU
	EndGlobalSection
	GlobalSection(ProjectConfigurationPlatforms) = postSolution
		{3F03CB54-0D3D-4CFB-B72B-F6DB016139AD}.Debug|Any CPU.ActiveCfg = Debug|Any CPU
		{3F03CB54-0D3D-4CFB-B72B-F6DB016139AD}.Debug|Any CPU.Build.0 = Debug|Any CPU
		{3F03CB54-0D3D-4CFB-B72B-F6DB016139AD}.Release|Any CPU.ActiveCfg = Release|Any CPU
		{3F03CB54-0D3D-4CFB-B72B-F6DB016139AD}.Release|Any CPU.Build.0 = Release|Any CPU
	EndGlobalSection
	GlobalSection(SolutionProperties) = preSolution
		HideSolutionNode = FALSE
	EndGlobalSection
	GlobalSection(ExtensibilityGlobals) = postSolution
		SolutionGuid = {CB2A084F-07E4-4E3B-9DB6-410D3A073520}
	EndGlobalSection
EndGlobal
